{
  "name": "zapmail-mcp",
  "version": "0.0.2",
  "lockfileVersion": 3,
  "requires": true,
  "packages": {
    "": {
      "name": "zapmail-mcp",
      "version": "0.0.2",
      "license": "MIT",
      "bin": {
        "zapmail-mcp": "src/index.js"
      },
      "devDependencies": {},
      "engines": {
        "node": ">=18.0.0"
      }
    }
  }
}
