{
  "name": "zapmail-mcp-server",
  "version": "2.0.0",
  "lockfileVersion": 3,
  "requires": true,
  "packages": {
    "": {
      "name": "zapmail-mcp-server",
      "version": "2.0.0",
      "license": "MIT",
      "bin": {
        "zapmail-mcp": "index.js"
      },
      "devDependencies": {},
      "engines": {
        "node": ">=18.0.0"
      }
    }
  }
}
